{
  "name": "fika-collect",
  "version": "1.0.0",
  "lockfileVersion": 3,
  "requires": true,
  "packages": {
    "": {
      "name": "fika-collect",
      "version": "1.0.0",
      "license": "ISC",
      "workspaces": [
        "packages/fika-collect-survey-schema"
      ]
    },
    "node_modules/fika-collect-survey-schema": {
      "resolved": "packages/fika-collect-survey-schema",
      "link": true
    },
    "packages/fika-collect-survey-schema": {
      "version": "1.0.0",
      "license": "ISC"
    }
  }
}
